github.com/beevik/etree v1.3.0 h1:hQTc+pylzIKDb23yYprodCWWTt+ojFfUZyzU09a/hmU=
github.com/beevik/etree v1.3.0/go.mod h1:aiPf89g/1k3AShMVAzriilpcE4R/Vuor90y83zVZWFc=
github.com/google/uuid v1.6.0 h1:NIvaJDMOsjHA8n1jAhLSgzrAzy1Hgr+hNrb57e+94F0=
github.com/google/uuid v1.6.0/go.mod h1:TIyPZe4MgqvfeYDBFedMoGGpEw/LqOeaOT+nhxU+yHo=
